
Microsoft Visual Studio Solution File, Format Version 12.00
# Visual Studio 15
VisualStudioVersion = 15.0.27130.2026
MinimumVisualStudioVersion = 10.0.40219.1
Project("{FAE04EC0-301F-11D3-BF4B-00C04F79EFBC}") = "CodingExercises", "CodingExercises\CodingExercises.csproj", "{D6BBBD30-F1D6-453C-87F3-B67E370A05EC}"
EndProject
Project("{FAE04EC0-301F-11D3-BF4B-00C04F79EFBC}") = "CodingExercisesTests", "CodingExercisesTests\CodingExercisesTests.csproj", "{DBFF2775-4725-451C-AFF2-5BE5B20CFBDC}"
EndProject
Global
	GlobalSection(SolutionConfigurationPlatforms) = preSolution
		Debug|Any CPU = Debug|Any CPU
		Release|Any CPU = Release|Any CPU
	EndGlobalSection
	GlobalSection(ProjectConfigurationPlatforms) = postSolution
		{D6BBBD30-F1D6-453C-87F3-B67E370A05EC}.Debug|Any CPU.ActiveCfg = Debug|Any CPU
		{D6BBBD30-F1D6-453C-87F3-B67E370A05EC}.Debug|Any CPU.Build.0 = Debug|Any CPU
		{D6BBBD30-F1D6-453C-87F3-B67E370A05EC}.Release|Any CPU.ActiveCfg = Release|Any CPU
		{D6BBBD30-F1D6-453C-87F3-B67E370A05EC}.Release|Any CPU.Build.0 = Release|Any CPU
		{DBFF2775-4725-451C-AFF2-5BE5B20CFBDC}.Debug|Any CPU.ActiveCfg = Debug|Any CPU
		{DBFF2775-4725-451C-AFF2-5BE5B20CFBDC}.Debug|Any CPU.Build.0 = Debug|Any CPU
		{DBFF2775-4725-451C-AFF2-5BE5B20CFBDC}.Release|Any CPU.ActiveCfg = Release|Any CPU
		{DBFF2775-4725-451C-AFF2-5BE5B20CFBDC}.Release|Any CPU.Build.0 = Release|Any CPU
	EndGlobalSection
	GlobalSection(SolutionProperties) = preSolution
		HideSolutionNode = FALSE
	EndGlobalSection
	GlobalSection(ExtensibilityGlobals) = postSolution
		SolutionGuid = {1AA66558-5F76-4E3C-8A3C-65E8C67F3BBC}
	EndGlobalSection
EndGlobal
